// !$*UTF8*$!
{
	archiveVersion = 1;
	classes = {
	};
	objectVersion = 46;
	objects = {

/* Begin PBXBuildFile section */
		4C8884C51ABCD6E7000531AB /* MHKit.h in CopyFiles */ = {isa = PBXBuildFile; fileRef = 4C8884C41ABCD6E7000531AB /* MHKit.h */; };
		4C8884CD1ABCD6E7000531AB /* libMHKit.a in Frameworks */ = {isa = PBXBuildFile; fileRef = 4C8884C11ABCD6E7000531AB /* libMHKit.a */; };
		4C8884DD1ABCD731000531AB /* MHViewLayoutManager.m in Sources */ = {isa = PBXBuildFile; fileRef = 4C8884DC1ABCD731000531AB /* MHViewLayoutManager.m */; };
		4C8884E01ABCD752000531AB /* UIKit.framework in Frameworks */ = {isa = PBXBuildFile; fileRef = 4C8884DF1ABCD752000531AB /* UIKit.framework */; };
		4C8884E41ABCDC87000531AB /* MHTableView.m in Sources */ = {isa = PBXBuildFile; fileRef = 4C8884E31ABCDC87000531AB /* MHTableView.m */; };
		4C8884EB1ABCDCD6000531AB /* UITableViewCellExtension.m in Sources */ = {isa = PBXBuildFile; fileRef = 4C8884EA1ABCDCD6000531AB /* UITableViewCellExtension.m */; };
		4CE65B3B1AF9E2ED00C244BC /* MHView.m in Sources */ = {isa = PBXBuildFile; fileRef = 4CE65B3A1AF9E2ED00C244BC /* MHView.m */; };
		4CE65B4B1AF9E5E600C244BC /* MHEmptyView.m in Sources */ = {isa = PBXBuildFile; fileRef = 4CE65B481AF9E5E600C244BC /* MHEmptyView.m */; };
		4CE65B4C1AF9E5E600C244BC /* MHKeyboardAdaptiveView.m in Sources */ = {isa = PBXBuildFile; fileRef = 4CE65B4A1AF9E5E600C244BC /* MHKeyboardAdaptiveView.m */; };
		4CE65B4F1AF9E5EE00C244BC /* MHSwitcher.m in Sources */ = {isa = PBXBuildFile; fileRef = 4CE65B4E1AF9E5EE00C244BC /* MHSwitcher.m */; };
		4CF422531B0428590001F47B /* UIView+MHLayout.m in Sources */ = {isa = PBXBuildFile; fileRef = 4CF422521B0428590001F47B /* UIView+MHLayout.m */; };
/* End PBXBuildFile section */

/* Begin PBXContainerItemProxy section */
		4C8884CE1ABCD6E7000531AB /* PBXContainerItemProxy */ = {
			isa = PBXContainerItemProxy;
			containerPortal = 4C8884B91ABCD6E7000531AB /* Project object */;
			proxyType = 1;
			remoteGlobalIDString = 4C8884C01ABCD6E7000531AB;
			remoteInfo = MHKit;
		};
/* End PBXContainerItemProxy section */

/* Begin PBXCopyFilesBuildPhase section */
		4C8884BF1ABCD6E7000531AB /* CopyFiles */ = {
			isa = PBXCopyFilesBuildPhase;
			buildActionMask = 2147483647;
			dstPath = "include/$(PRODUCT_NAME)";
			dstSubfolderSpec = 16;
			files = (
				4C8884C51ABCD6E7000531AB /* MHKit.h in CopyFiles */,
			);
			runOnlyForDeploymentPostprocessing = 0;
		};
/* End PBXCopyFilesBuildPhase section */

/* Begin PBXFileReference section */
		4C8884C11ABCD6E7000531AB /* libMHKit.a */ = {isa = PBXFileReference; explicitFileType = archive.ar; includeInIndex = 0; path = libMHKit.a; sourceTree = BUILT_PRODUCTS_DIR; };
		4C8884C41ABCD6E7000531AB /* MHKit.h */ = {isa = PBXFileReference; lastKnownFileType = sourcecode.c.h; path = MHKit.h; sourceTree = "<group>"; };
		4C8884CC1ABCD6E7000531AB /* MHKitTests.xctest */ = {isa = PBXFileReference; explicitFileType = wrapper.cfbundle; includeInIndex = 0; path = MHKitTests.xctest; sourceTree = BUILT_PRODUCTS_DIR; };
		4C8884D21ABCD6E7000531AB /* Info.plist */ = {isa = PBXFileReference; lastKnownFileType = text.plist.xml; path = Info.plist; sourceTree = "<group>"; };
		4C8884DB1ABCD731000531AB /* MHViewLayoutManager.h */ = {isa = PBXFileReference; fileEncoding = 4; lastKnownFileType = sourcecode.c.h; path = MHViewLayoutManager.h; sourceTree = "<group>"; };
		4C8884DC1ABCD731000531AB /* MHViewLayoutManager.m */ = {isa = PBXFileReference; fileEncoding = 4; lastKnownFileType = sourcecode.c.objc; path = MHViewLayoutManager.m; sourceTree = "<group>"; };
		4C8884DF1ABCD752000531AB /* UIKit.framework */ = {isa = PBXFileReference; lastKnownFileType = wrapper.framework; name = UIKit.framework; path = System/Library/Frameworks/UIKit.framework; sourceTree = SDKROOT; };
		4C8884E21ABCDC87000531AB /* MHTableView.h */ = {isa = PBXFileReference; fileEncoding = 4; lastKnownFileType = sourcecode.c.h; path = MHTableView.h; sourceTree = "<group>"; };
		4C8884E31ABCDC87000531AB /* MHTableView.m */ = {isa = PBXFileReference; fileEncoding = 4; lastKnownFileType = sourcecode.c.objc; path = MHTableView.m; sourceTree = "<group>"; };
		4C8884E91ABCDCD6000531AB /* UITableViewCellExtension.h */ = {isa = PBXFileReference; fileEncoding = 4; lastKnownFileType = sourcecode.c.h; path = UITableViewCellExtension.h; sourceTree = "<group>"; };
		4C8884EA1ABCDCD6000531AB /* UITableViewCellExtension.m */ = {isa = PBXFileReference; fileEncoding = 4; lastKnownFileType = sourcecode.c.objc; path = UITableViewCellExtension.m; sourceTree = "<group>"; };
		4CE65B391AF9E2ED00C244BC /* MHView.h */ = {isa = PBXFileReference; fileEncoding = 4; lastKnownFileType = sourcecode.c.h; name = MHView.h; path = MHKit/MHView.h; sourceTree = "<group>"; };
		4CE65B3A1AF9E2ED00C244BC /* MHView.m */ = {isa = PBXFileReference; fileEncoding = 4; lastKnownFileType = sourcecode.c.objc; name = MHView.m; path = MHKit/MHView.m; sourceTree = "<group>"; };
		4CE65B471AF9E5E600C244BC /* MHEmptyView.h */ = {isa = PBXFileReference; fileEncoding = 4; lastKnownFileType = sourcecode.c.h; name = MHEmptyView.h; path = MHKit/MHEmptyView.h; sourceTree = "<group>"; };
		4CE65B481AF9E5E600C244BC /* MHEmptyView.m */ = {isa = PBXFileReference; fileEncoding = 4; lastKnownFileType = sourcecode.c.objc; name = MHEmptyView.m; path = MHKit/MHEmptyView.m; sourceTree = "<group>"; };
		4CE65B491AF9E5E600C244BC /* MHKeyboardAdaptiveView.h */ = {isa = PBXFileReference; fileEncoding = 4; lastKnownFileType = sourcecode.c.h; name = MHKeyboardAdaptiveView.h; path = MHKit/MHKeyboardAdaptiveView.h; sourceTree = "<group>"; };
		4CE65B4A1AF9E5E600C244BC /* MHKeyboardAdaptiveView.m */ = {isa = PBXFileReference; fileEncoding = 4; lastKnownFileType = sourcecode.c.objc; name = MHKeyboardAdaptiveView.m; path = MHKit/MHKeyboardAdaptiveView.m; sourceTree = "<group>"; };
		4CE65B4D1AF9E5EE00C244BC /* MHSwitcher.h */ = {isa = PBXFileReference; fileEncoding = 4; lastKnownFileType = sourcecode.c.h; name = MHSwitcher.h; path = MHKit/MHSwitcher.h; sourceTree = "<group>"; };
		4CE65B4E1AF9E5EE00C244BC /* MHSwitcher.m */ = {isa = PBXFileReference; fileEncoding = 4; lastKnownFileType = sourcecode.c.objc; name = MHSwitcher.m; path = MHKit/MHSwitcher.m; sourceTree = "<group>"; };
		4CF422511B0428590001F47B /* UIView+MHLayout.h */ = {isa = PBXFileReference; fileEncoding = 4; lastKnownFileType = sourcecode.c.h; path = "UIView+MHLayout.h"; sourceTree = "<group>"; };
		4CF422521B0428590001F47B /* UIView+MHLayout.m */ = {isa = PBXFileReference; fileEncoding = 4; lastKnownFileType = sourcecode.c.objc; path = "UIView+MHLayout.m"; sourceTree = "<group>"; };
/* End PBXFileReference section */

/* Begin PBXFrameworksBuildPhase section */
		4C8884BE1ABCD6E7000531AB /* Frameworks */ = {
			isa = PBXFrameworksBuildPhase;
			buildActionMask = 2147483647;
			files = (
				4C8884E01ABCD752000531AB /* UIKit.framework in Frameworks */,
			);
			runOnlyForDeploymentPostprocessing = 0;
		};
		4C8884C91ABCD6E7000531AB /* Frameworks */ = {
			isa = PBXFrameworksBuildPhase;
			buildActionMask = 2147483647;
			files = (
				4C8884CD1ABCD6E7000531AB /* libMHKit.a in Frameworks */,
			);
			runOnlyForDeploymentPostprocessing = 0;
		};
/* End PBXFrameworksBuildPhase section */

/* Begin PBXGroup section */
		4C8884B81ABCD6E7000531AB = {
			isa = PBXGroup;
			children = (
				4C8884C31ABCD6E7000531AB /* MHKit */,
				4C8884D01ABCD6E7000531AB /* MHKitTests */,
				4C8884C21ABCD6E7000531AB /* Products */,
				4C8884E11ABCD75B000531AB /* Framework */,
			);
			sourceTree = "<group>";
		};
		4C8884C21ABCD6E7000531AB /* Products */ = {
			isa = PBXGroup;
			children = (
				4C8884C11ABCD6E7000531AB /* libMHKit.a */,
				4C8884CC1ABCD6E7000531AB /* MHKitTests.xctest */,
			);
			name = Products;
			sourceTree = "<group>";
		};
		4C8884C31ABCD6E7000531AB /* MHKit */ = {
			isa = PBXGroup;
			children = (
				4C8884C41ABCD6E7000531AB /* MHKit.h */,
				4CE65B3C1AF9E2F300C244BC /* View */,
				4C8884E51ABCDC8E000531AB /* Table View */,
				4CE65B431AF9E3C400C244BC /* Control */,
				4C8884DE1ABCD736000531AB /* Layout Manager */,
			);
			path = MHKit;
			sourceTree = "<group>";
		};
		4C8884D01ABCD6E7000531AB /* MHKitTests */ = {
			isa = PBXGroup;
			children = (
				4C8884D11ABCD6E7000531AB /* Supporting Files */,
			);
			path = MHKitTests;
			sourceTree = "<group>";
		};
		4C8884D11ABCD6E7000531AB /* Supporting Files */ = {
			isa = PBXGroup;
			children = (
				4C8884D21ABCD6E7000531AB /* Info.plist */,
			);
			name = "Supporting Files";
			sourceTree = "<group>";
		};
		4C8884DE1ABCD736000531AB /* Layout Manager */ = {
			isa = PBXGroup;
			children = (
				4CF422511B0428590001F47B /* UIView+MHLayout.h */,
				4CF422521B0428590001F47B /* UIView+MHLayout.m */,
				4C8884DB1ABCD731000531AB /* MHViewLayoutManager.h */,
				4C8884DC1ABCD731000531AB /* MHViewLayoutManager.m */,
			);
			name = "Layout Manager";
			sourceTree = "<group>";
		};
		4C8884E11ABCD75B000531AB /* Framework */ = {
			isa = PBXGroup;
			children = (
				4C8884DF1ABCD752000531AB /* UIKit.framework */,
			);
			name = Framework;
			sourceTree = "<group>";
		};
		4C8884E51ABCDC8E000531AB /* Table View */ = {
			isa = PBXGroup;
			children = (
				4C8884E21ABCDC87000531AB /* MHTableView.h */,
				4C8884E31ABCDC87000531AB /* MHTableView.m */,
				4C8884E91ABCDCD6000531AB /* UITableViewCellExtension.h */,
				4C8884EA1ABCDCD6000531AB /* UITableViewCellExtension.m */,
			);
			name = "Table View";
			sourceTree = "<group>";
		};
		4CE65B3C1AF9E2F300C244BC /* View */ = {
			isa = PBXGroup;
			children = (
				4CE65B391AF9E2ED00C244BC /* MHView.h */,
				4CE65B3A1AF9E2ED00C244BC /* MHView.m */,
				4CE65B471AF9E5E600C244BC /* MHEmptyView.h */,
				4CE65B481AF9E5E600C244BC /* MHEmptyView.m */,
				4CE65B491AF9E5E600C244BC /* MHKeyboardAdaptiveView.h */,
				4CE65B4A1AF9E5E600C244BC /* MHKeyboardAdaptiveView.m */,
			);
			name = View;
			path = ..;
			sourceTree = "<group>";
		};
		4CE65B431AF9E3C400C244BC /* Control */ = {
			isa = PBXGroup;
			children = (
				4CE65B4D1AF9E5EE00C244BC /* MHSwitcher.h */,
				4CE65B4E1AF9E5EE00C244BC /* MHSwitcher.m */,
			);
			name = Control;
			path = ..;
			sourceTree = "<group>";
		};
/* End PBXGroup section */

/* Begin PBXNativeTarget section */
		4C8884C01ABCD6E7000531AB /* MHKit */ = {
			isa = PBXNativeTarget;
			buildConfigurationList = 4C8884D51ABCD6E7000531AB /* Build configuration list for PBXNativeTarget "MHKit" */;
			buildPhases = (
				4C8884BD1ABCD6E7000531AB /* Sources */,
				4C8884BE1ABCD6E7000531AB /* Frameworks */,
				4C8884BF1ABCD6E7000531AB /* CopyFiles */,
			);
			buildRules = (
			);
			dependencies = (
			);
			name = MHKit;
			productName = MHKit;
			productReference = 4C8884C11ABCD6E7000531AB /* libMHKit.a */;
			productType = "com.apple.product-type.library.static";
		};
		4C8884CB1ABCD6E7000531AB /* MHKitTests */ = {
			isa = PBXNativeTarget;
			buildConfigurationList = 4C8884D81ABCD6E7000531AB /* Build configuration list for PBXNativeTarget "MHKitTests" */;
			buildPhases = (
				4C8884C81ABCD6E7000531AB /* Sources */,
				4C8884C91ABCD6E7000531AB /* Frameworks */,
				4C8884CA1ABCD6E7000531AB /* Resources */,
			);
			buildRules = (
			);
			dependencies = (
				4C8884CF1ABCD6E7000531AB /* PBXTargetDependency */,
			);
			name = MHKitTests;
			productName = MHKitTests;
			productReference = 4C8884CC1ABCD6E7000531AB /* MHKitTests.xctest */;
			productType = "com.apple.product-type.bundle.unit-test";
		};
/* End PBXNativeTarget section */

/* Begin PBXProject section */
		4C8884B91ABCD6E7000531AB /* Project object */ = {
			isa = PBXProject;
			attributes = {
				LastUpgradeCheck = 0620;
				ORGANIZATIONNAME = "Michael Hong";
				TargetAttributes = {
					4C8884C01ABCD6E7000531AB = {
						CreatedOnToolsVersion = 6.2;
					};
					4C8884CB1ABCD6E7000531AB = {
						CreatedOnToolsVersion = 6.2;
					};
				};
			};
			buildConfigurationList = 4C8884BC1ABCD6E7000531AB /* Build configuration list for PBXProject "MHKit" */;
			compatibilityVersion = "Xcode 3.2";
			developmentRegion = English;
			hasScannedForEncodings = 0;
			knownRegions = (
				en,
			);
			mainGroup = 4C8884B81ABCD6E7000531AB;
			productRefGroup = 4C8884C21ABCD6E7000531AB /* Products */;
			projectDirPath = "";
			projectRoot = "";
			targets = (
				4C8884C01ABCD6E7000531AB /* MHKit */,
				4C8884CB1ABCD6E7000531AB /* MHKitTests */,
			);
		};
/* End PBXProject section */

/* Begin PBXResourcesBuildPhase section */
		4C8884CA1ABCD6E7000531AB /* Resources */ = {
			isa = PBXResourcesBuildPhase;
			buildActionMask = 2147483647;
			files = (
			);
			runOnlyForDeploymentPostprocessing = 0;
		};
/* End PBXResourcesBuildPhase section */

/* Begin PBXSourcesBuildPhase section */
		4C8884BD1ABCD6E7000531AB /* Sources */ = {
			isa = PBXSourcesBuildPhase;
			buildActionMask = 2147483647;
			files = (
				4CE65B4C1AF9E5E600C244BC /* MHKeyboardAdaptiveView.m in Sources */,
				4C8884E41ABCDC87000531AB /* MHTableView.m in Sources */,
				4CE65B4B1AF9E5E600C244BC /* MHEmptyView.m in Sources */,
				4CF422531B0428590001F47B /* UIView+MHLayout.m in Sources */,
				4C8884DD1ABCD731000531AB /* MHViewLayoutManager.m in Sources */,
				4C8884EB1ABCDCD6000531AB /* UITableViewCellExtension.m in Sources */,
				4CE65B4F1AF9E5EE00C244BC /* MHSwitcher.m in Sources */,
				4CE65B3B1AF9E2ED00C244BC /* MHView.m in Sources */,
			);
			runOnlyForDeploymentPostprocessing = 0;
		};
		4C8884C81ABCD6E7000531AB /* Sources */ = {
			isa = PBXSourcesBuildPhase;
			buildActionMask = 2147483647;
			files = (
			);
			runOnlyForDeploymentPostprocessing = 0;
		};
/* End PBXSourcesBuildPhase section */

/* Begin PBXTargetDependency section */
		4C8884CF1ABCD6E7000531AB /* PBXTargetDependency */ = {
			isa = PBXTargetDependency;
			target = 4C8884C01ABCD6E7000531AB /* MHKit */;
			targetProxy = 4C8884CE1ABCD6E7000531AB /* PBXContainerItemProxy */;
		};
/* End PBXTargetDependency section */

/* Begin XCBuildConfiguration section */
		4C8884D31ABCD6E7000531AB /* Debug */ = {
			isa = XCBuildConfiguration;
			buildSettings = {
				ALWAYS_SEARCH_USER_PATHS = NO;
				CLANG_CXX_LANGUAGE_STANDARD = "gnu++0x";
				CLANG_CXX_LIBRARY = "libc++";
				CLANG_ENABLE_MODULES = YES;
				CLANG_ENABLE_OBJC_ARC = YES;
				CLANG_WARN_BOOL_CONVERSION = YES;
				CLANG_WARN_CONSTANT_CONVERSION = YES;
				CLANG_WARN_DIRECT_OBJC_ISA_USAGE = YES_ERROR;
				CLANG_WARN_EMPTY_BODY = YES;
				CLANG_WARN_ENUM_CONVERSION = YES;
				CLANG_WARN_INT_CONVERSION = YES;
				CLANG_WARN_OBJC_ROOT_CLASS = YES_ERROR;
				CLANG_WARN_UNREACHABLE_CODE = YES;
				CLANG_WARN__DUPLICATE_METHOD_MATCH = YES;
				COPY_PHASE_STRIP = NO;
				ENABLE_STRICT_OBJC_MSGSEND = YES;
				GCC_C_LANGUAGE_STANDARD = gnu99;
				GCC_DYNAMIC_NO_PIC = NO;
				GCC_OPTIMIZATION_LEVEL = 0;
				GCC_PREPROCESSOR_DEFINITIONS = (
					"DEBUG=1",
					"$(inherited)",
				);
				GCC_SYMBOLS_PRIVATE_EXTERN = NO;
				GCC_WARN_64_TO_32_BIT_CONVERSION = YES;
				GCC_WARN_ABOUT_RETURN_TYPE = YES_ERROR;
				GCC_WARN_UNDECLARED_SELECTOR = YES;
				GCC_WARN_UNINITIALIZED_AUTOS = YES_AGGRESSIVE;
				GCC_WARN_UNUSED_FUNCTION = YES;
				GCC_WARN_UNUSED_VARIABLE = YES;
				IPHONEOS_DEPLOYMENT_TARGET = 8.2;
				MTL_ENABLE_DEBUG_INFO = YES;
				ONLY_ACTIVE_ARCH = YES;
				SDKROOT = iphoneos;
			};
			name = Debug;
		};
		4C8884D41ABCD6E7000531AB /* Release */ = {
			isa = XCBuildConfiguration;
			buildSettings = {
				ALWAYS_SEARCH_USER_PATHS = NO;
				CLANG_CXX_LANGUAGE_STANDARD = "gnu++0x";
				CLANG_CXX_LIBRARY = "libc++";
				CLANG_ENABLE_MODULES = YES;
				CLANG_ENABLE_OBJC_ARC = YES;
				CLANG_WARN_BOOL_CONVERSION = YES;
				CLANG_WARN_CONSTANT_CONVERSION = YES;
				CLANG_WARN_DIRECT_OBJC_ISA_USAGE = YES_ERROR;
				CLANG_WARN_EMPTY_BODY = YES;
				CLANG_WARN_ENUM_CONVERSION = YES;
				CLANG_WARN_INT_CONVERSION = YES;
				CLANG_WARN_OBJC_ROOT_CLASS = YES_ERROR;
				CLANG_WARN_UNREACHABLE_CODE = YES;
				CLANG_WARN__DUPLICATE_METHOD_MATCH = YES;
				COPY_PHASE_STRIP = NO;
				ENABLE_NS_ASSERTIONS = NO;
				ENABLE_STRICT_OBJC_MSGSEND = YES;
				GCC_C_LANGUAGE_STANDARD = gnu99;
				GCC_WARN_64_TO_32_BIT_CONVERSION = YES;
				GCC_WARN_ABOUT_RETURN_TYPE = YES_ERROR;
				GCC_WARN_UNDECLARED_SELECTOR = YES;
				GCC_WARN_UNINITIALIZED_AUTOS = YES_AGGRESSIVE;
				GCC_WARN_UNUSED_FUNCTION = YES;
				GCC_WARN_UNUSED_VARIABLE = YES;
				IPHONEOS_DEPLOYMENT_TARGET = 8.2;
				MTL_ENABLE_DEBUG_INFO = NO;
				SDKROOT = iphoneos;
				VALIDATE_PRODUCT = YES;
			};
			name = Release;
		};
		4C8884D61ABCD6E7000531AB /* Debug */ = {
			isa = XCBuildConfiguration;
			buildSettings = {
				OTHER_LDFLAGS = "-ObjC";
				PRODUCT_NAME = "$(TARGET_NAME)";
				SKIP_INSTALL = YES;
			};
			name = Debug;
		};
		4C8884D71ABCD6E7000531AB /* Release */ = {
			isa = XCBuildConfiguration;
			buildSettings = {
				OTHER_LDFLAGS = "-ObjC";
				PRODUCT_NAME = "$(TARGET_NAME)";
				SKIP_INSTALL = YES;
			};
			name = Release;
		};
		4C8884D91ABCD6E7000531AB /* Debug */ = {
			isa = XCBuildConfiguration;
			buildSettings = {
				FRAMEWORK_SEARCH_PATHS = (
					"$(SDKROOT)/Developer/Library/Frameworks",
					"$(inherited)",
				);
				GCC_PREPROCESSOR_DEFINITIONS = (
					"DEBUG=1",
					"$(inherited)",
				);
				INFOPLIST_FILE = MHKitTests/Info.plist;
				LD_RUNPATH_SEARCH_PATHS = "$(inherited) @executable_path/Frameworks @loader_path/Frameworks";
				PRODUCT_NAME = "$(TARGET_NAME)";
			};
			name = Debug;
		};
		4C8884DA1ABCD6E7000531AB /* Release */ = {
			isa = XCBuildConfiguration;
			buildSettings = {
				FRAMEWORK_SEARCH_PATHS = (
					"$(SDKROOT)/Developer/Library/Frameworks",
					"$(inherited)",
				);
				INFOPLIST_FILE = MHKitTests/Info.plist;
				LD_RUNPATH_SEARCH_PATHS = "$(inherited) @executable_path/Frameworks @loader_path/Frameworks";
				PRODUCT_NAME = "$(TARGET_NAME)";
			};
			name = Release;
		};
/* End XCBuildConfiguration section */

/* Begin XCConfigurationList section */
		4C8884BC1ABCD6E7000531AB /* Build configuration list for PBXProject "MHKit" */ = {
			isa = XCConfigurationList;
			buildConfigurations = (
				4C8884D31ABCD6E7000531AB /* Debug */,
				4C8884D41ABCD6E7000531AB /* Release */,
			);
			defaultConfigurationIsVisible = 0;
			defaultConfigurationName = Release;
		};
		4C8884D51ABCD6E7000531AB /* Build configuration list for PBXNativeTarget "MHKit" */ = {
			isa = XCConfigurationList;
			buildConfigurations = (
				4C8884D61ABCD6E7000531AB /* Debug */,
				4C8884D71ABCD6E7000531AB /* Release */,
			);
			defaultConfigurationIsVisible = 0;
			defaultConfigurationName = Release;
		};
		4C8884D81ABCD6E7000531AB /* Build configuration list for PBXNativeTarget "MHKitTests" */ = {
			isa = XCConfigurationList;
			buildConfigurations = (
				4C8884D91ABCD6E7000531AB /* Debug */,
				4C8884DA1ABCD6E7000531AB /* Release */,
			);
			defaultConfigurationIsVisible = 0;
			defaultConfigurationName = Release;
		};
/* End XCConfigurationList section */
	};
	rootObject = 4C8884B91ABCD6E7000531AB /* Project object */;
}
